// !$*UTF8*$!
{
	archiveVersion = 1;
	classes = {
	};
	objectVersion = 55;
	objects = {

/* Begin PBXBuildFile section */
		AF19CE4A27821F9100E0535D /* GoogleService-Info.plist in Resources */ = {isa = PBXBuildFile; fileRef = AF19CE4927821F9100E0535D /* GoogleService-Info.plist */; };
		AF38594B2779953A00FBCAE0 /* AppDelegate.swift in Sources */ = {isa = PBXBuildFile; fileRef = AF38594A2779953A00FBCAE0 /* AppDelegate.swift */; };
		AF38594D2779953A00FBCAE0 /* SceneDelegate.swift in Sources */ = {isa = PBXBuildFile; fileRef = AF38594C2779953A00FBCAE0 /* SceneDelegate.swift */; };
		AF3859522779953A00FBCAE0 /* Main.storyboard in Resources */ = {isa = PBXBuildFile; fileRef = AF3859502779953A00FBCAE0 /* Main.storyboard */; };
		AF3859542779953F00FBCAE0 /* Assets.xcassets in Resources */ = {isa = PBXBuildFile; fileRef = AF3859532779953F00FBCAE0 /* Assets.xcassets */; };
		AF3859572779953F00FBCAE0 /* LaunchScreen.storyboard in Resources */ = {isa = PBXBuildFile; fileRef = AF3859552779953F00FBCAE0 /* LaunchScreen.storyboard */; };
		AF3859622779986900FBCAE0 /* FirebaseAuth in Frameworks */ = {isa = PBXBuildFile; productRef = AF3859612779986900FBCAE0 /* FirebaseAuth */; };
		AF3859642779986900FBCAE0 /* FirebaseFirestore in Frameworks */ = {isa = PBXBuildFile; productRef = AF3859632779986900FBCAE0 /* FirebaseFirestore */; };
		AF3859662779986900FBCAE0 /* FirebaseStorage in Frameworks */ = {isa = PBXBuildFile; productRef = AF3859652779986900FBCAE0 /* FirebaseStorage */; };
		AF472E5827801D4C00615A1F /* RecordingsViewController.swift in Sources */ = {isa = PBXBuildFile; fileRef = AF472E5727801D4C00615A1F /* RecordingsViewController.swift */; };
		AF472E5A2780773500615A1F /* RecordingsTableViewCell.swift in Sources */ = {isa = PBXBuildFile; fileRef = AF472E592780773500615A1F /* RecordingsTableViewCell.swift */; };
		AF4B8AFA278F6C560003CDF7 /* MotivationStatmentsCollectionViewCell.swift in Sources */ = {isa = PBXBuildFile; fileRef = AF4B8AF9278F6C560003CDF7 /* MotivationStatmentsCollectionViewCell.swift */; };
		AF55A221277A9C2E000BB436 /* HomeViewController.swift in Sources */ = {isa = PBXBuildFile; fileRef = AF55A220277A9C2E000BB436 /* HomeViewController.swift */; };
		AF55A223277AA940000BB436 /* HumburgerViewController.swift in Sources */ = {isa = PBXBuildFile; fileRef = AF55A222277AA940000BB436 /* HumburgerViewController.swift */; };
		AF5DC897277C0CCC00FFAE6B /* NewListViewController.swift in Sources */ = {isa = PBXBuildFile; fileRef = AF5DC896277C0CCC00FFAE6B /* NewListViewController.swift */; };
		AF5DC899277C137700FFAE6B /* ListsCollectionViewCell.swift in Sources */ = {isa = PBXBuildFile; fileRef = AF5DC898277C137700FFAE6B /* ListsCollectionViewCell.swift */; };
		AF7AF4E62784E8400080DE6B /* BundleExtention.swift in Sources */ = {isa = PBXBuildFile; fileRef = AF7AF4E52784E8400080DE6B /* BundleExtention.swift */; };
		AFC65E2127818D50004E110C /* NewRecordViewController.swift in Sources */ = {isa = PBXBuildFile; fileRef = AFC65E2027818D50004E110C /* NewRecordViewController.swift */; };
		AFDB5FFE2779B5D500912D90 /* User.swift in Sources */ = {isa = PBXBuildFile; fileRef = AFDB5FFD2779B5D500912D90 /* User.swift */; };
		AFDB60002779B5ED00912D90 /* Record.swift in Sources */ = {isa = PBXBuildFile; fileRef = AFDB5FFF2779B5ED00912D90 /* Record.swift */; };
		AFDB60022779B60500912D90 /* Category.swift in Sources */ = {isa = PBXBuildFile; fileRef = AFDB60012779B60500912D90 /* Category.swift */; };
		AFDB60052779B6D400912D90 /* WelcomeViewController.swift in Sources */ = {isa = PBXBuildFile; fileRef = AFDB60042779B6D400912D90 /* WelcomeViewController.swift */; };
		AFDB60072779B71B00912D90 /* RegisterViewController.swift in Sources */ = {isa = PBXBuildFile; fileRef = AFDB60062779B71B00912D90 /* RegisterViewController.swift */; };
		AFDB60092779B77900912D90 /* LoginViewController.swift in Sources */ = {isa = PBXBuildFile; fileRef = AFDB60082779B77900912D90 /* LoginViewController.swift */; };
		AFDB600C2779D40E00912D90 /* .gitignore in Resources */ = {isa = PBXBuildFile; fileRef = AFDB600B2779D40E00912D90 /* .gitignore */; };
		AFDB600E2779D43600912D90 /* README.md in Resources */ = {isa = PBXBuildFile; fileRef = AFDB600D2779D43600912D90 /* README.md */; };
		AFDB60132779E8E800912D90 /* Localization.strings in Resources */ = {isa = PBXBuildFile; fileRef = AFDB60152779E8E800912D90 /* Localization.strings */; };
		AFDB60182779F3A000912D90 /* ImageView.swift in Sources */ = {isa = PBXBuildFile; fileRef = AFDB60172779F3A000912D90 /* ImageView.swift */; };
		AFDB601B2779F41600912D90 /* Activity.swift in Sources */ = {isa = PBXBuildFile; fileRef = AFDB601A2779F41600912D90 /* Activity.swift */; };
		AFDC6CA4277C59FF00BE835B /* ListTableViewCell.swift in Sources */ = {isa = PBXBuildFile; fileRef = AFDC6CA3277C59FF00BE835B /* ListTableViewCell.swift */; };
/* End PBXBuildFile section */

/* Begin PBXFileReference section */
		AF19CE4927821F9100E0535D /* GoogleService-Info.plist */ = {isa = PBXFileReference; fileEncoding = 4; lastKnownFileType = text.plist.xml; path = "GoogleService-Info.plist"; sourceTree = "<group>"; };
		AF3859472779953A00FBCAE0 /* BeProductive.app */ = {isa = PBXFileReference; explicitFileType = wrapper.application; includeInIndex = 0; path = BeProductive.app; sourceTree = BUILT_PRODUCTS_DIR; };
		AF38594A2779953A00FBCAE0 /* AppDelegate.swift */ = {isa = PBXFileReference; lastKnownFileType = sourcecode.swift; path = AppDelegate.swift; sourceTree = "<group>"; };
		AF38594C2779953A00FBCAE0 /* SceneDelegate.swift */ = {isa = PBXFileReference; lastKnownFileType = sourcecode.swift; path = SceneDelegate.swift; sourceTree = "<group>"; };
		AF3859512779953A00FBCAE0 /* Base */ = {isa = PBXFileReference; lastKnownFileType = file.storyboard; name = Base; path = Base.lproj/Main.storyboard; sourceTree = "<group>"; };
		AF3859532779953F00FBCAE0 /* Assets.xcassets */ = {isa = PBXFileReference; lastKnownFileType = folder.assetcatalog; path = Assets.xcassets; sourceTree = "<group>"; };
		AF3859562779953F00FBCAE0 /* Base */ = {isa = PBXFileReference; lastKnownFileType = file.storyboard; name = Base; path = Base.lproj/LaunchScreen.storyboard; sourceTree = "<group>"; };
		AF3859582779953F00FBCAE0 /* Info.plist */ = {isa = PBXFileReference; lastKnownFileType = text.plist.xml; path = Info.plist; sourceTree = "<group>"; };
		AF472E5727801D4C00615A1F /* RecordingsViewController.swift */ = {isa = PBXFileReference; lastKnownFileType = sourcecode.swift; path = RecordingsViewController.swift; sourceTree = "<group>"; };
		AF472E592780773500615A1F /* RecordingsTableViewCell.swift */ = {isa = PBXFileReference; lastKnownFileType = sourcecode.swift; path = RecordingsTableViewCell.swift; sourceTree = "<group>"; };
		AF4B8AF9278F6C560003CDF7 /* MotivationStatmentsCollectionViewCell.swift */ = {isa = PBXFileReference; lastKnownFileType = sourcecode.swift; path = MotivationStatmentsCollectionViewCell.swift; sourceTree = "<group>"; };
		AF55A220277A9C2E000BB436 /* HomeViewController.swift */ = {isa = PBXFileReference; lastKnownFileType = sourcecode.swift; path = HomeViewController.swift; sourceTree = "<group>"; };
		AF55A222277AA940000BB436 /* HumburgerViewController.swift */ = {isa = PBXFileReference; lastKnownFileType = sourcecode.swift; path = HumburgerViewController.swift; sourceTree = "<group>"; };
		AF5DC896277C0CCC00FFAE6B /* NewListViewController.swift */ = {isa = PBXFileReference; lastKnownFileType = sourcecode.swift; path = NewListViewController.swift; sourceTree = "<group>"; };
		AF5DC898277C137700FFAE6B /* ListsCollectionViewCell.swift */ = {isa = PBXFileReference; lastKnownFileType = sourcecode.swift; path = ListsCollectionViewCell.swift; sourceTree = "<group>"; };
		AF7AF4E52784E8400080DE6B /* BundleExtention.swift */ = {isa = PBXFileReference; lastKnownFileType = sourcecode.swift; path = BundleExtention.swift; sourceTree = "<group>"; };
		AFC65E2027818D50004E110C /* NewRecordViewController.swift */ = {isa = PBXFileReference; lastKnownFileType = sourcecode.swift; path = NewRecordViewController.swift; sourceTree = "<group>"; };
		AFDB5FFD2779B5D500912D90 /* User.swift */ = {isa = PBXFileReference; lastKnownFileType = sourcecode.swift; path = User.swift; sourceTree = "<group>"; };
		AFDB5FFF2779B5ED00912D90 /* Record.swift */ = {isa = PBXFileReference; lastKnownFileType = sourcecode.swift; path = Record.swift; sourceTree = "<group>"; };
		AFDB60012779B60500912D90 /* Category.swift */ = {isa = PBXFileReference; lastKnownFileType = sourcecode.swift; path = Category.swift; sourceTree = "<group>"; };
		AFDB60042779B6D400912D90 /* WelcomeViewController.swift */ = {isa = PBXFileReference; lastKnownFileType = sourcecode.swift; path = WelcomeViewController.swift; sourceTree = "<group>"; };
		AFDB60062779B71B00912D90 /* RegisterViewController.swift */ = {isa = PBXFileReference; lastKnownFileType = sourcecode.swift; path = RegisterViewController.swift; sourceTree = "<group>"; };
		AFDB60082779B77900912D90 /* LoginViewController.swift */ = {isa = PBXFileReference; lastKnownFileType = sourcecode.swift; path = LoginViewController.swift; sourceTree = "<group>"; };
		AFDB600B2779D40E00912D90 /* .gitignore */ = {isa = PBXFileReference; fileEncoding = 4; lastKnownFileType = text; name = .gitignore; path = ../.gitignore; sourceTree = "<group>"; };
		AFDB600D2779D43600912D90 /* README.md */ = {isa = PBXFileReference; fileEncoding = 4; lastKnownFileType = net.daringfireball.markdown; name = README.md; path = ../README.md; sourceTree = "<group>"; };
		AFDB600F2779E82000912D90 /* ar */ = {isa = PBXFileReference; lastKnownFileType = text.plist.strings; name = ar; path = ar.lproj/Main.strings; sourceTree = "<group>"; };
		AFDB60102779E82000912D90 /* ar */ = {isa = PBXFileReference; lastKnownFileType = text.plist.strings; name = ar; path = ar.lproj/LaunchScreen.strings; sourceTree = "<group>"; };
		AFDB60142779E8E800912D90 /* en */ = {isa = PBXFileReference; lastKnownFileType = text.plist.strings; name = en; path = en.lproj/Localization.strings; sourceTree = "<group>"; };
		AFDB60162779E8EB00912D90 /* ar */ = {isa = PBXFileReference; lastKnownFileType = text.plist.strings; name = ar; path = ar.lproj/Localization.strings; sourceTree = "<group>"; };
		AFDB60172779F3A000912D90 /* ImageView.swift */ = {isa = PBXFileReference; lastKnownFileType = sourcecode.swift; path = ImageView.swift; sourceTree = "<group>"; };
		AFDB601A2779F41600912D90 /* Activity.swift */ = {isa = PBXFileReference; lastKnownFileType = sourcecode.swift; path = Activity.swift; sourceTree = "<group>"; };
		AFDC6CA3277C59FF00BE835B /* ListTableViewCell.swift */ = {isa = PBXFileReference; lastKnownFileType = sourcecode.swift; path = ListTableViewCell.swift; sourceTree = "<group>"; };
/* End PBXFileReference section */

/* Begin PBXFrameworksBuildPhase section */
		AF3859442779953A00FBCAE0 /* Frameworks */ = {
			isa = PBXFrameworksBuildPhase;
			buildActionMask = 2147483647;
			files = (
				AF3859622779986900FBCAE0 /* FirebaseAuth in Frameworks */,
				AF3859642779986900FBCAE0 /* FirebaseFirestore in Frameworks */,
				AF3859662779986900FBCAE0 /* FirebaseStorage in Frameworks */,
			);
			runOnlyForDeploymentPostprocessing = 0;
		};
/* End PBXFrameworksBuildPhase section */

/* Begin PBXGroup section */
		AF38593E2779953A00FBCAE0 = {
			isa = PBXGroup;
			children = (
				AFDB600B2779D40E00912D90 /* .gitignore */,
				AFDB600D2779D43600912D90 /* README.md */,
				AF3859492779953A00FBCAE0 /* BeProductive */,
				AF3859482779953A00FBCAE0 /* Products */,
			);
			sourceTree = "<group>";
		};
		AF3859482779953A00FBCAE0 /* Products */ = {
			isa = PBXGroup;
			children = (
				AF3859472779953A00FBCAE0 /* BeProductive.app */,
			);
			name = Products;
			sourceTree = "<group>";
		};
		AF3859492779953A00FBCAE0 /* BeProductive */ = {
			isa = PBXGroup;
			children = (
				AF38594A2779953A00FBCAE0 /* AppDelegate.swift */,
				AF38594C2779953A00FBCAE0 /* SceneDelegate.swift */,
				AFDB60192779F3AC00912D90 /* Utill */,
				AFDB600A2779B79000912D90 /* Controller */,
				AFDB60032779B63500912D90 /* Model */,
				AF3859672779994800FBCAE0 /* View */,
				AF3859532779953F00FBCAE0 /* Assets.xcassets */,
				AF3859552779953F00FBCAE0 /* LaunchScreen.storyboard */,
				AFDB60152779E8E800912D90 /* Localization.strings */,
				AF3859582779953F00FBCAE0 /* Info.plist */,
				AF19CE4927821F9100E0535D /* GoogleService-Info.plist */,
			);
			path = BeProductive;
			sourceTree = "<group>";
		};
		AF3859672779994800FBCAE0 /* View */ = {
			isa = PBXGroup;
			children = (
				AF5DC898277C137700FFAE6B /* ListsCollectionViewCell.swift */,
				AFDC6CA3277C59FF00BE835B /* ListTableViewCell.swift */,
				AF4B8AF9278F6C560003CDF7 /* MotivationStatmentsCollectionViewCell.swift */,
				AF472E592780773500615A1F /* RecordingsTableViewCell.swift */,
				AF3859502779953A00FBCAE0 /* Main.storyboard */,
			);
			path = View;
			sourceTree = "<group>";
		};
		AFDB60032779B63500912D90 /* Model */ = {
			isa = PBXGroup;
			children = (
				AFDB5FFD2779B5D500912D90 /* User.swift */,
				AFDB5FFF2779B5ED00912D90 /* Record.swift */,
				AFDB60012779B60500912D90 /* Category.swift */,
			);
			path = Model;
			sourceTree = "<group>";
		};
		AFDB600A2779B79000912D90 /* Controller */ = {
			isa = PBXGroup;
			children = (
				AFDB60042779B6D400912D90 /* WelcomeViewController.swift */,
				AFDB60082779B77900912D90 /* LoginViewController.swift */,
				AFDB60062779B71B00912D90 /* RegisterViewController.swift */,
				AF55A220277A9C2E000BB436 /* HomeViewController.swift */,
				AF55A222277AA940000BB436 /* HumburgerViewController.swift */,
				AF5DC896277C0CCC00FFAE6B /* NewListViewController.swift */,
				AF472E5727801D4C00615A1F /* RecordingsViewController.swift */,
				AFC65E2027818D50004E110C /* NewRecordViewController.swift */,
			);
			path = Controller;
			sourceTree = "<group>";
		};
		AFDB60192779F3AC00912D90 /* Utill */ = {
			isa = PBXGroup;
			children = (
				AFDB60172779F3A000912D90 /* ImageView.swift */,
				AF7AF4E52784E8400080DE6B /* BundleExtention.swift */,
				AFDB601A2779F41600912D90 /* Activity.swift */,
			);
			path = Utill;
			sourceTree = "<group>";
		};
/* End PBXGroup section */

/* Begin PBXNativeTarget section */
		AF3859462779953A00FBCAE0 /* BeProductive */ = {
			isa = PBXNativeTarget;
			buildConfigurationList = AF38595B2779953F00FBCAE0 /* Build configuration list for PBXNativeTarget "BeProductive" */;
			buildPhases = (
				AF3859432779953A00FBCAE0 /* Sources */,
				AF3859442779953A00FBCAE0 /* Frameworks */,
				AF3859452779953A00FBCAE0 /* Resources */,
			);
			buildRules = (
			);
			dependencies = (
			);
			name = BeProductive;
			packageProductDependencies = (
				AF3859612779986900FBCAE0 /* FirebaseAuth */,
				AF3859632779986900FBCAE0 /* FirebaseFirestore */,
				AF3859652779986900FBCAE0 /* FirebaseStorage */,
			);
			productName = BeProductive;
			productReference = AF3859472779953A00FBCAE0 /* BeProductive.app */;
			productType = "com.apple.product-type.application";
		};
/* End PBXNativeTarget section */

/* Begin PBXProject section */
		AF38593F2779953A00FBCAE0 /* Project object */ = {
			isa = PBXProject;
			attributes = {
				BuildIndependentTargetsInParallel = 1;
				LastSwiftUpdateCheck = 1300;
				LastUpgradeCheck = 1300;
				TargetAttributes = {
					AF3859462779953A00FBCAE0 = {
						CreatedOnToolsVersion = 13.0;
					};
				};
			};
			buildConfigurationList = AF3859422779953A00FBCAE0 /* Build configuration list for PBXProject "BeProductive" */;
			compatibilityVersion = "Xcode 13.0";
			developmentRegion = en;
			hasScannedForEncodings = 0;
			knownRegions = (
				en,
				Base,
				ar,
			);
			mainGroup = AF38593E2779953A00FBCAE0;
			packageReferences = (
				AF3859602779986900FBCAE0 /* XCRemoteSwiftPackageReference "firebase-ios-sdk" */,
			);
			productRefGroup = AF3859482779953A00FBCAE0 /* Products */;
			projectDirPath = "";
			projectRoot = "";
			targets = (
				AF3859462779953A00FBCAE0 /* BeProductive */,
			);
		};
/* End PBXProject section */

/* Begin PBXResourcesBuildPhase section */
		AF3859452779953A00FBCAE0 /* Resources */ = {
			isa = PBXResourcesBuildPhase;
			buildActionMask = 2147483647;
			files = (
				AFDB600E2779D43600912D90 /* README.md in Resources */,
				AF19CE4A27821F9100E0535D /* GoogleService-Info.plist in Resources */,
				AFDB600C2779D40E00912D90 /* .gitignore in Resources */,
				AFDB60132779E8E800912D90 /* Localization.strings in Resources */,
				AF3859572779953F00FBCAE0 /* LaunchScreen.storyboard in Resources */,
				AF3859542779953F00FBCAE0 /* Assets.xcassets in Resources */,
				AF3859522779953A00FBCAE0 /* Main.storyboard in Resources */,
			);
			runOnlyForDeploymentPostprocessing = 0;
		};
/* End PBXResourcesBuildPhase section */

/* Begin PBXSourcesBuildPhase section */
		AF3859432779953A00FBCAE0 /* Sources */ = {
			isa = PBXSourcesBuildPhase;
			buildActionMask = 2147483647;
			files = (
				AF55A223277AA940000BB436 /* HumburgerViewController.swift in Sources */,
				AFDB601B2779F41600912D90 /* Activity.swift in Sources */,
				AF38594B2779953A00FBCAE0 /* AppDelegate.swift in Sources */,
				AFDB60022779B60500912D90 /* Category.swift in Sources */,
				AFDB60072779B71B00912D90 /* RegisterViewController.swift in Sources */,
				AF38594D2779953A00FBCAE0 /* SceneDelegate.swift in Sources */,
				AFDB60092779B77900912D90 /* LoginViewController.swift in Sources */,
				AF5DC897277C0CCC00FFAE6B /* NewListViewController.swift in Sources */,
				AF7AF4E62784E8400080DE6B /* BundleExtention.swift in Sources */,
				AFDB60052779B6D400912D90 /* WelcomeViewController.swift in Sources */,
				AF55A221277A9C2E000BB436 /* HomeViewController.swift in Sources */,
				AF5DC899277C137700FFAE6B /* ListsCollectionViewCell.swift in Sources */,
				AFDB60182779F3A000912D90 /* ImageView.swift in Sources */,
				AFC65E2127818D50004E110C /* NewRecordViewController.swift in Sources */,
				AFDB60002779B5ED00912D90 /* Record.swift in Sources */,
				AFDB5FFE2779B5D500912D90 /* User.swift in Sources */,
				AFDC6CA4277C59FF00BE835B /* ListTableViewCell.swift in Sources */,
				AF472E5827801D4C00615A1F /* RecordingsViewController.swift in Sources */,
				AF4B8AFA278F6C560003CDF7 /* MotivationStatmentsCollectionViewCell.swift in Sources */,
				AF472E5A2780773500615A1F /* RecordingsTableViewCell.swift in Sources */,
			);
			runOnlyForDeploymentPostprocessing = 0;
		};
/* End PBXSourcesBuildPhase section */

/* Begin PBXVariantGroup section */
		AF3859502779953A00FBCAE0 /* Main.storyboard */ = {
			isa = PBXVariantGroup;
			children = (
				AF3859512779953A00FBCAE0 /* Base */,
				AFDB600F2779E82000912D90 /* ar */,
			);
			name = Main.storyboard;
			sourceTree = "<group>";
		};
		AF3859552779953F00FBCAE0 /* LaunchScreen.storyboard */ = {
			isa = PBXVariantGroup;
			children = (
				AF3859562779953F00FBCAE0 /* Base */,
				AFDB60102779E82000912D90 /* ar */,
			);
			name = LaunchScreen.storyboard;
			sourceTree = "<group>";
		};
		AFDB60152779E8E800912D90 /* Localization.strings */ = {
			isa = PBXVariantGroup;
			children = (
				AFDB60142779E8E800912D90 /* en */,
				AFDB60162779E8EB00912D90 /* ar */,
			);
			name = Localization.strings;
			sourceTree = "<group>";
		};
/* End PBXVariantGroup section */

/* Begin XCBuildConfiguration section */
		AF3859592779953F00FBCAE0 /* Debug */ = {
			isa = XCBuildConfiguration;
			buildSettings = {
				ALWAYS_SEARCH_USER_PATHS = NO;
				CLANG_ANALYZER_LOCALIZABILITY_NONLOCALIZED = YES;
				CLANG_ANALYZER_NONNULL = YES;
				CLANG_ANALYZER_NUMBER_OBJECT_CONVERSION = YES_AGGRESSIVE;
				CLANG_CXX_LANGUAGE_STANDARD = "gnu++17";
				CLANG_CXX_LIBRARY = "libc++";
				CLANG_ENABLE_MODULES = YES;
				CLANG_ENABLE_OBJC_ARC = YES;
				CLANG_ENABLE_OBJC_WEAK = YES;
				CLANG_WARN_BLOCK_CAPTURE_AUTORELEASING = YES;
				CLANG_WARN_BOOL_CONVERSION = YES;
				CLANG_WARN_COMMA = YES;
				CLANG_WARN_CONSTANT_CONVERSION = YES;
				CLANG_WARN_DEPRECATED_OBJC_IMPLEMENTATIONS = YES;
				CLANG_WARN_DIRECT_OBJC_ISA_USAGE = YES_ERROR;
				CLANG_WARN_DOCUMENTATION_COMMENTS = YES;
				CLANG_WARN_EMPTY_BODY = YES;
				CLANG_WARN_ENUM_CONVERSION = YES;
				CLANG_WARN_INFINITE_RECURSION = YES;
				CLANG_WARN_INT_CONVERSION = YES;
				CLANG_WARN_NON_LITERAL_NULL_CONVERSION = YES;
				CLANG_WARN_OBJC_IMPLICIT_RETAIN_SELF = YES;
				CLANG_WARN_OBJC_LITERAL_CONVERSION = YES;
				CLANG_WARN_OBJC_ROOT_CLASS = YES_ERROR;
				CLANG_WARN_QUOTED_INCLUDE_IN_FRAMEWORK_HEADER = YES;
				CLANG_WARN_RANGE_LOOP_ANALYSIS = YES;
				CLANG_WARN_STRICT_PROTOTYPES = YES;
				CLANG_WARN_SUSPICIOUS_MOVE = YES;
				CLANG_WARN_UNGUARDED_AVAILABILITY = YES_AGGRESSIVE;
				CLANG_WARN_UNREACHABLE_CODE = YES;
				CLANG_WARN__DUPLICATE_METHOD_MATCH = YES;
				COPY_PHASE_STRIP = NO;
				DEBUG_INFORMATION_FORMAT = dwarf;
				ENABLE_STRICT_OBJC_MSGSEND = YES;
				ENABLE_TESTABILITY = YES;
				GCC_C_LANGUAGE_STANDARD = gnu11;
				GCC_DYNAMIC_NO_PIC = NO;
				GCC_NO_COMMON_BLOCKS = YES;
				GCC_OPTIMIZATION_LEVEL = 0;
				GCC_PREPROCESSOR_DEFINITIONS = (
					"DEBUG=1",
					"$(inherited)",
				);
				GCC_WARN_64_TO_32_BIT_CONVERSION = YES;
				GCC_WARN_ABOUT_RETURN_TYPE = YES_ERROR;
				GCC_WARN_UNDECLARED_SELECTOR = YES;
				GCC_WARN_UNINITIALIZED_AUTOS = YES_AGGRESSIVE;
				GCC_WARN_UNUSED_FUNCTION = YES;
				GCC_WARN_UNUSED_VARIABLE = YES;
				IPHONEOS_DEPLOYMENT_TARGET = 15.0;
				MTL_ENABLE_DEBUG_INFO = INCLUDE_SOURCE;
				MTL_FAST_MATH = YES;
				ONLY_ACTIVE_ARCH = YES;
				SDKROOT = iphoneos;
				SWIFT_ACTIVE_COMPILATION_CONDITIONS = DEBUG;
				SWIFT_OPTIMIZATION_LEVEL = "-Onone";
			};
			name = Debug;
		};
		AF38595A2779953F00FBCAE0 /* Release */ = {
			isa = XCBuildConfiguration;
			buildSettings = {
				ALWAYS_SEARCH_USER_PATHS = NO;
				CLANG_ANALYZER_LOCALIZABILITY_NONLOCALIZED = YES;
				CLANG_ANALYZER_NONNULL = YES;
				CLANG_ANALYZER_NUMBER_OBJECT_CONVERSION = YES_AGGRESSIVE;
				CLANG_CXX_LANGUAGE_STANDARD = "gnu++17";
				CLANG_CXX_LIBRARY = "libc++";
				CLANG_ENABLE_MODULES = YES;
				CLANG_ENABLE_OBJC_ARC = YES;
				CLANG_ENABLE_OBJC_WEAK = YES;
				CLANG_WARN_BLOCK_CAPTURE_AUTORELEASING = YES;
				CLANG_WARN_BOOL_CONVERSION = YES;
				CLANG_WARN_COMMA = YES;
				CLANG_WARN_CONSTANT_CONVERSION = YES;
				CLANG_WARN_DEPRECATED_OBJC_IMPLEMENTATIONS = YES;
				CLANG_WARN_DIRECT_OBJC_ISA_USAGE = YES_ERROR;
				CLANG_WARN_DOCUMENTATION_COMMENTS = YES;
				CLANG_WARN_EMPTY_BODY = YES;
				CLANG_WARN_ENUM_CONVERSION = YES;
				CLANG_WARN_INFINITE_RECURSION = YES;
				CLANG_WARN_INT_CONVERSION = YES;
				CLANG_WARN_NON_LITERAL_NULL_CONVERSION = YES;
				CLANG_WARN_OBJC_IMPLICIT_RETAIN_SELF = YES;
				CLANG_WARN_OBJC_LITERAL_CONVERSION = YES;
				CLANG_WARN_OBJC_ROOT_CLASS = YES_ERROR;
				CLANG_WARN_QUOTED_INCLUDE_IN_FRAMEWORK_HEADER = YES;
				CLANG_WARN_RANGE_LOOP_ANALYSIS = YES;
				CLANG_WARN_STRICT_PROTOTYPES = YES;
				CLANG_WARN_SUSPICIOUS_MOVE = YES;
				CLANG_WARN_UNGUARDED_AVAILABILITY = YES_AGGRESSIVE;
				CLANG_WARN_UNREACHABLE_CODE = YES;
				CLANG_WARN__DUPLICATE_METHOD_MATCH = YES;
				COPY_PHASE_STRIP = NO;
				DEBUG_INFORMATION_FORMAT = "dwarf-with-dsym";
				ENABLE_NS_ASSERTIONS = NO;
				ENABLE_STRICT_OBJC_MSGSEND = YES;
				GCC_C_LANGUAGE_STANDARD = gnu11;
				GCC_NO_COMMON_BLOCKS = YES;
				GCC_WARN_64_TO_32_BIT_CONVERSION = YES;
				GCC_WARN_ABOUT_RETURN_TYPE = YES_ERROR;
				GCC_WARN_UNDECLARED_SELECTOR = YES;
				GCC_WARN_UNINITIALIZED_AUTOS = YES_AGGRESSIVE;
				GCC_WARN_UNUSED_FUNCTION = YES;
				GCC_WARN_UNUSED_VARIABLE = YES;
				IPHONEOS_DEPLOYMENT_TARGET = 15.0;
				MTL_ENABLE_DEBUG_INFO = NO;
				MTL_FAST_MATH = YES;
				SDKROOT = iphoneos;
				SWIFT_COMPILATION_MODE = wholemodule;
				SWIFT_OPTIMIZATION_LEVEL = "-O";
				VALIDATE_PRODUCT = YES;
			};
			name = Release;
		};
		AF38595C2779953F00FBCAE0 /* Debug */ = {
			isa = XCBuildConfiguration;
			buildSettings = {
				ASSETCATALOG_COMPILER_APPICON_NAME = AppIcon;
				ASSETCATALOG_COMPILER_GLOBAL_ACCENT_COLOR_NAME = AccentColor;
				CODE_SIGN_STYLE = Automatic;
				CURRENT_PROJECT_VERSION = 1;
				DEVELOPMENT_TEAM = GU4GP7U2DT;
				GENERATE_INFOPLIST_FILE = YES;
				INFOPLIST_FILE = BeProductive/Info.plist;
				INFOPLIST_KEY_UIApplicationSupportsIndirectInputEvents = YES;
				INFOPLIST_KEY_UILaunchStoryboardName = LaunchScreen;
				INFOPLIST_KEY_UIMainStoryboardFile = Main;
				INFOPLIST_KEY_UISupportedInterfaceOrientations_iPad = "UIInterfaceOrientationPortrait UIInterfaceOrientationPortraitUpsideDown UIInterfaceOrientationLandscapeLeft UIInterfaceOrientationLandscapeRight";
				INFOPLIST_KEY_UISupportedInterfaceOrientations_iPhone = "UIInterfaceOrientationPortrait UIInterfaceOrientationLandscapeLeft UIInterfaceOrientationLandscapeRight";
				LD_RUNPATH_SEARCH_PATHS = (
					"$(inherited)",
					"@executable_path/Frameworks",
				);
				MARKETING_VERSION = 1.0;
				PRODUCT_BUNDLE_IDENTIFIER = "Arwa-macbook-pro.BeProductive";
				PRODUCT_NAME = "$(TARGET_NAME)";
				SWIFT_EMIT_LOC_STRINGS = YES;
				SWIFT_VERSION = 5.0;
				TARGETED_DEVICE_FAMILY = "1,2";
			};
			name = Debug;
		};
		AF38595D2779953F00FBCAE0 /* Release */ = {
			isa = XCBuildConfiguration;
			buildSettings = {
				ASSETCATALOG_COMPILER_APPICON_NAME = AppIcon;
				ASSETCATALOG_COMPILER_GLOBAL_ACCENT_COLOR_NAME = AccentColor;
				CODE_SIGN_STYLE = Automatic;
				CURRENT_PROJECT_VERSION = 1;
				DEVELOPMENT_TEAM = GU4GP7U2DT;
				GENERATE_INFOPLIST_FILE = YES;
				INFOPLIST_FILE = BeProductive/Info.plist;
				INFOPLIST_KEY_UIApplicationSupportsIndirectInputEvents = YES;
				INFOPLIST_KEY_UILaunchStoryboardName = LaunchScreen;
				INFOPLIST_KEY_UIMainStoryboardFile = Main;
				INFOPLIST_KEY_UISupportedInterfaceOrientations_iPad = "UIInterfaceOrientationPortrait UIInterfaceOrientationPortraitUpsideDown UIInterfaceOrientationLandscapeLeft UIInterfaceOrientationLandscapeRight";
				INFOPLIST_KEY_UISupportedInterfaceOrientations_iPhone = "UIInterfaceOrientationPortrait UIInterfaceOrientationLandscapeLeft UIInterfaceOrientationLandscapeRight";
				LD_RUNPATH_SEARCH_PATHS = (
					"$(inherited)",
					"@executable_path/Frameworks",
				);
				MARKETING_VERSION = 1.0;
				PRODUCT_BUNDLE_IDENTIFIER = "Arwa-macbook-pro.BeProductive";
				PRODUCT_NAME = "$(TARGET_NAME)";
				SWIFT_EMIT_LOC_STRINGS = YES;
				SWIFT_VERSION = 5.0;
				TARGETED_DEVICE_FAMILY = "1,2";
			};
			name = Release;
		};
/* End XCBuildConfiguration section */

/* Begin XCConfigurationList section */
		AF3859422779953A00FBCAE0 /* Build configuration list for PBXProject "BeProductive" */ = {
			isa = XCConfigurationList;
			buildConfigurations = (
				AF3859592779953F00FBCAE0 /* Debug */,
				AF38595A2779953F00FBCAE0 /* Release */,
			);
			defaultConfigurationIsVisible = 0;
			defaultConfigurationName = Release;
		};
		AF38595B2779953F00FBCAE0 /* Build configuration list for PBXNativeTarget "BeProductive" */ = {
			isa = XCConfigurationList;
			buildConfigurations = (
				AF38595C2779953F00FBCAE0 /* Debug */,
				AF38595D2779953F00FBCAE0 /* Release */,
			);
			defaultConfigurationIsVisible = 0;
			defaultConfigurationName = Release;
		};
/* End XCConfigurationList section */

/* Begin XCRemoteSwiftPackageReference section */
		AF3859602779986900FBCAE0 /* XCRemoteSwiftPackageReference "firebase-ios-sdk" */ = {
			isa = XCRemoteSwiftPackageReference;
			repositoryURL = "https://github.com/firebase/firebase-ios-sdk";
			requirement = {
				kind = upToNextMajorVersion;
				minimumVersion = 8.0.0;
			};
		};
/* End XCRemoteSwiftPackageReference section */

/* Begin XCSwiftPackageProductDependency section */
		AF3859612779986900FBCAE0 /* FirebaseAuth */ = {
			isa = XCSwiftPackageProductDependency;
			package = AF3859602779986900FBCAE0 /* XCRemoteSwiftPackageReference "firebase-ios-sdk" */;
			productName = FirebaseAuth;
		};
		AF3859632779986900FBCAE0 /* FirebaseFirestore */ = {
			isa = XCSwiftPackageProductDependency;
			package = AF3859602779986900FBCAE0 /* XCRemoteSwiftPackageReference "firebase-ios-sdk" */;
			productName = FirebaseFirestore;
		};
		AF3859652779986900FBCAE0 /* FirebaseStorage */ = {
			isa = XCSwiftPackageProductDependency;
			package = AF3859602779986900FBCAE0 /* XCRemoteSwiftPackageReference "firebase-ios-sdk" */;
			productName = FirebaseStorage;
		};
/* End XCSwiftPackageProductDependency section */
	};
	rootObject = AF38593F2779953A00FBCAE0 /* Project object */;
}
